
Microsoft Visual Studio Solution File, Format Version 12.00
# Visual Studio Version 18
VisualStudioVersion = 18.5.11723.231
MinimumVisualStudioVersion = 10.0.40219.1
Project("{2150E333-8FDC-42A3-9474-1A3956D46DE8}") = "Rpg.Catalog", "Rpg.Catalog", "{2440C6DF-4E16-FDDF-04C1-A0B59CFD15F0}"
EndProject
Project("{2150E333-8FDC-42A3-9474-1A3956D46DE8}") = "src", "src", "{46908D89-5FC0-81A5-60B7-F0CE7D303413}"
EndProject
Project("{FAE04EC0-301F-11D3-BF4B-00C04F79EFBC}") = "Rpg.Catalog.Service", "Rpg.Catalog\src\Rpg.Catalog.Service\Rpg.Catalog.Service.csproj", "{3C2AC048-4D18-4890-AFB2-9F7288107126}"
EndProject
Project("{2150E333-8FDC-42A3-9474-1A3956D46DE8}") = "Rpg.Common", "Rpg.Common", "{AD35E5F2-2032-51BF-3C25-0C4ECC926290}"
EndProject
Project("{2150E333-8FDC-42A3-9474-1A3956D46DE8}") = "src", "src", "{317048E6-9FAB-62AB-48AF-0E5037DD09E8}"
EndProject
Project("{FAE04EC0-301F-11D3-BF4B-00C04F79EFBC}") = "Rpg.Common", "Rpg.Common\src\Rpg.Common\Rpg.Common.csproj", "{CA1F265E-B358-477A-A2A7-6AEAA2574719}"
EndProject
Project("{2150E333-8FDC-42A3-9474-1A3956D46DE8}") = "Rpg.Infra", "Rpg.Infra", "{A4136867-E231-4972-9216-4D2FA79EA79A}"
	ProjectSection(SolutionItems) = preProject
		docker-compose.yml = docker-compose.yml
	EndProjectSection
EndProject
Project("{2150E333-8FDC-42A3-9474-1A3956D46DE8}") = "Rpg.Inventory", "Rpg.Inventory", "{F6EE3C79-30BA-0395-A64E-1F318DC84884}"
EndProject
Project("{2150E333-8FDC-42A3-9474-1A3956D46DE8}") = "src", "src", "{8D4A21A4-22D0-C0F3-40C5-1529084F53C0}"
EndProject
Project("{FAE04EC0-301F-11D3-BF4B-00C04F79EFBC}") = "Rpg.Inventory.Service", "Rpg.Inventory\src\Rpg.Inventory.Service\Rpg.Inventory.Service.csproj", "{65053005-584D-4F52-914C-36BDCE1B645F}"
EndProject
Project("{FAE04EC0-301F-11D3-BF4B-00C04F79EFBC}") = "Rpg.Contracts", "Rpg.Catalog\src\Rpg.Contracts\Rpg.Contracts.csproj", "{FFE5C642-F99E-4D4B-B84E-A7DCB658FCBE}"
EndProject
Project("{2150E333-8FDC-42A3-9474-1A3956D46DE8}") = "Rpg.Identity", "Rpg.Identity", "{723EA48B-22AF-8796-4A36-A015542B8403}"
EndProject
Project("{2150E333-8FDC-42A3-9474-1A3956D46DE8}") = "src", "src", "{8A5CC6F9-AB46-D86F-C90E-152890127BD8}"
EndProject
Project("{FAE04EC0-301F-11D3-BF4B-00C04F79EFBC}") = "Rpg.Identity.Service", "Rpg.Identity\src\Rpg.Identity.Service\Rpg.Identity.Service.csproj", "{916CBD93-5EA8-404A-8F0C-BD63D14A6E47}"
EndProject
Project("{2150E333-8FDC-42A3-9474-1A3956D46DE8}") = "Rpg.Player", "Rpg.Player", "{22B0AD11-6C2F-71A8-D0B4-1106EAA1487A}"
EndProject
Project("{2150E333-8FDC-42A3-9474-1A3956D46DE8}") = "src", "src", "{B913D1DE-3810-70C5-91F6-8A4965E44B7F}"
EndProject
Project("{FAE04EC0-301F-11D3-BF4B-00C04F79EFBC}") = "Rpg.Player.Service", "Rpg.Player\src\Rpg.Player.Service\Rpg.Player.Service.csproj", "{F0BC68ED-F527-424A-99AA-D41F86719BAD}"
EndProject
Global
	GlobalSection(SolutionConfigurationPlatforms) = preSolution
		Debug|Any CPU = Debug|Any CPU
		Debug|x64 = Debug|x64
		Debug|x86 = Debug|x86
		Release|Any CPU = Release|Any CPU
		Release|x64 = Release|x64
		Release|x86 = Release|x86
	EndGlobalSection
	GlobalSection(ProjectConfigurationPlatforms) = postSolution
		{3C2AC048-4D18-4890-AFB2-9F7288107126}.Debug|Any CPU.ActiveCfg = Debug|Any CPU
		{3C2AC048-4D18-4890-AFB2-9F7288107126}.Debug|Any CPU.Build.0 = Debug|Any CPU
		{3C2AC048-4D18-4890-AFB2-9F7288107126}.Debug|x64.ActiveCfg = Debug|Any CPU
		{3C2AC048-4D18-4890-AFB2-9F7288107126}.Debug|x64.Build.0 = Debug|Any CPU
		{3C2AC048-4D18-4890-AFB2-9F7288107126}.Debug|x86.ActiveCfg = Debug|Any CPU
		{3C2AC048-4D18-4890-AFB2-9F7288107126}.Debug|x86.Build.0 = Debug|Any CPU
		{3C2AC048-4D18-4890-AFB2-9F7288107126}.Release|Any CPU.ActiveCfg = Release|Any CPU
		{3C2AC048-4D18-4890-AFB2-9F7288107126}.Release|Any CPU.Build.0 = Release|Any CPU
		{3C2AC048-4D18-4890-AFB2-9F7288107126}.Release|x64.ActiveCfg = Release|Any CPU
		{3C2AC048-4D18-4890-AFB2-9F7288107126}.Release|x64.Build.0 = Release|Any CPU
		{3C2AC048-4D18-4890-AFB2-9F7288107126}.Release|x86.ActiveCfg = Release|Any CPU
		{3C2AC048-4D18-4890-AFB2-9F7288107126}.Release|x86.Build.0 = Release|Any CPU
		{CA1F265E-B358-477A-A2A7-6AEAA2574719}.Debug|Any CPU.ActiveCfg = Debug|Any CPU
		{CA1F265E-B358-477A-A2A7-6AEAA2574719}.Debug|Any CPU.Build.0 = Debug|Any CPU
		{CA1F265E-B358-477A-A2A7-6AEAA2574719}.Debug|x64.ActiveCfg = Debug|Any CPU
		{CA1F265E-B358-477A-A2A7-6AEAA2574719}.Debug|x64.Build.0 = Debug|Any CPU
		{CA1F265E-B358-477A-A2A7-6AEAA2574719}.Debug|x86.ActiveCfg = Debug|Any CPU
		{CA1F265E-B358-477A-A2A7-6AEAA2574719}.Debug|x86.Build.0 = Debug|Any CPU
		{CA1F265E-B358-477A-A2A7-6AEAA2574719}.Release|Any CPU.ActiveCfg = Release|Any CPU
		{CA1F265E-B358-477A-A2A7-6AEAA2574719}.Release|Any CPU.Build.0 = Release|Any CPU
		{CA1F265E-B358-477A-A2A7-6AEAA2574719}.Release|x64.ActiveCfg = Release|Any CPU
		{CA1F265E-B358-477A-A2A7-6AEAA2574719}.Release|x64.Build.0 = Release|Any CPU
		{CA1F265E-B358-477A-A2A7-6AEAA2574719}.Release|x86.ActiveCfg = Release|Any CPU
		{CA1F265E-B358-477A-A2A7-6AEAA2574719}.Release|x86.Build.0 = Release|Any CPU
		{65053005-584D-4F52-914C-36BDCE1B645F}.Debug|Any CPU.ActiveCfg = Debug|Any CPU
		{65053005-584D-4F52-914C-36BDCE1B645F}.Debug|Any CPU.Build.0 = Debug|Any CPU
		{65053005-584D-4F52-914C-36BDCE1B645F}.Debug|x64.ActiveCfg = Debug|Any CPU
		{65053005-584D-4F52-914C-36BDCE1B645F}.Debug|x64.Build.0 = Debug|Any CPU
		{65053005-584D-4F52-914C-36BDCE1B645F}.Debug|x86.ActiveCfg = Debug|Any CPU
		{65053005-584D-4F52-914C-36BDCE1B645F}.Debug|x86.Build.0 = Debug|Any CPU
		{65053005-584D-4F52-914C-36BDCE1B645F}.Release|Any CPU.ActiveCfg = Release|Any CPU
		{65053005-584D-4F52-914C-36BDCE1B645F}.Release|Any CPU.Build.0 = Release|Any CPU
		{65053005-584D-4F52-914C-36BDCE1B645F}.Release|x64.ActiveCfg = Release|Any CPU
		{65053005-584D-4F52-914C-36BDCE1B645F}.Release|x64.Build.0 = Release|Any CPU
		{65053005-584D-4F52-914C-36BDCE1B645F}.Release|x86.ActiveCfg = Release|Any CPU
		{65053005-584D-4F52-914C-36BDCE1B645F}.Release|x86.Build.0 = Release|Any CPU
		{FFE5C642-F99E-4D4B-B84E-A7DCB658FCBE}.Debug|Any CPU.ActiveCfg = Debug|Any CPU
		{FFE5C642-F99E-4D4B-B84E-A7DCB658FCBE}.Debug|Any CPU.Build.0 = Debug|Any CPU
		{FFE5C642-F99E-4D4B-B84E-A7DCB658FCBE}.Debug|x64.ActiveCfg = Debug|Any CPU
		{FFE5C642-F99E-4D4B-B84E-A7DCB658FCBE}.Debug|x64.Build.0 = Debug|Any CPU
		{FFE5C642-F99E-4D4B-B84E-A7DCB658FCBE}.Debug|x86.ActiveCfg = Debug|Any CPU
		{FFE5C642-F99E-4D4B-B84E-A7DCB658FCBE}.Debug|x86.Build.0 = Debug|Any CPU
		{FFE5C642-F99E-4D4B-B84E-A7DCB658FCBE}.Release|Any CPU.ActiveCfg = Release|Any CPU
		{FFE5C642-F99E-4D4B-B84E-A7DCB658FCBE}.Release|Any CPU.Build.0 = Release|Any CPU
		{FFE5C642-F99E-4D4B-B84E-A7DCB658FCBE}.Release|x64.ActiveCfg = Release|Any CPU
		{FFE5C642-F99E-4D4B-B84E-A7DCB658FCBE}.Release|x64.Build.0 = Release|Any CPU
		{FFE5C642-F99E-4D4B-B84E-A7DCB658FCBE}.Release|x86.ActiveCfg = Release|Any CPU
		{FFE5C642-F99E-4D4B-B84E-A7DCB658FCBE}.Release|x86.Build.0 = Release|Any CPU
		{916CBD93-5EA8-404A-8F0C-BD63D14A6E47}.Debug|Any CPU.ActiveCfg = Debug|Any CPU
		{916CBD93-5EA8-404A-8F0C-BD63D14A6E47}.Debug|Any CPU.Build.0 = Debug|Any CPU
		{916CBD93-5EA8-404A-8F0C-BD63D14A6E47}.Debug|x64.ActiveCfg = Debug|Any CPU
		{916CBD93-5EA8-404A-8F0C-BD63D14A6E47}.Debug|x64.Build.0 = Debug|Any CPU
		{916CBD93-5EA8-404A-8F0C-BD63D14A6E47}.Debug|x86.ActiveCfg = Debug|Any CPU
		{916CBD93-5EA8-404A-8F0C-BD63D14A6E47}.Debug|x86.Build.0 = Debug|Any CPU
		{916CBD93-5EA8-404A-8F0C-BD63D14A6E47}.Release|Any CPU.ActiveCfg = Release|Any CPU
		{916CBD93-5EA8-404A-8F0C-BD63D14A6E47}.Release|Any CPU.Build.0 = Release|Any CPU
		{916CBD93-5EA8-404A-8F0C-BD63D14A6E47}.Release|x64.ActiveCfg = Release|Any CPU
		{916CBD93-5EA8-404A-8F0C-BD63D14A6E47}.Release|x64.Build.0 = Release|Any CPU
		{916CBD93-5EA8-404A-8F0C-BD63D14A6E47}.Release|x86.ActiveCfg = Release|Any CPU
		{916CBD93-5EA8-404A-8F0C-BD63D14A6E47}.Release|x86.Build.0 = Release|Any CPU
		{F0BC68ED-F527-424A-99AA-D41F86719BAD}.Debug|Any CPU.ActiveCfg = Debug|Any CPU
		{F0BC68ED-F527-424A-99AA-D41F86719BAD}.Debug|Any CPU.Build.0 = Debug|Any CPU
		{F0BC68ED-F527-424A-99AA-D41F86719BAD}.Debug|x64.ActiveCfg = Debug|Any CPU
		{F0BC68ED-F527-424A-99AA-D41F86719BAD}.Debug|x64.Build.0 = Debug|Any CPU
		{F0BC68ED-F527-424A-99AA-D41F86719BAD}.Debug|x86.ActiveCfg = Debug|Any CPU
		{F0BC68ED-F527-424A-99AA-D41F86719BAD}.Debug|x86.Build.0 = Debug|Any CPU
		{F0BC68ED-F527-424A-99AA-D41F86719BAD}.Release|Any CPU.ActiveCfg = Release|Any CPU
		{F0BC68ED-F527-424A-99AA-D41F86719BAD}.Release|Any CPU.Build.0 = Release|Any CPU
		{F0BC68ED-F527-424A-99AA-D41F86719BAD}.Release|x64.ActiveCfg = Release|Any CPU
		{F0BC68ED-F527-424A-99AA-D41F86719BAD}.Release|x64.Build.0 = Release|Any CPU
		{F0BC68ED-F527-424A-99AA-D41F86719BAD}.Release|x86.ActiveCfg = Release|Any CPU
		{F0BC68ED-F527-424A-99AA-D41F86719BAD}.Release|x86.Build.0 = Release|Any CPU
	EndGlobalSection
	GlobalSection(SolutionProperties) = preSolution
		HideSolutionNode = FALSE
	EndGlobalSection
	GlobalSection(NestedProjects) = preSolution
		{46908D89-5FC0-81A5-60B7-F0CE7D303413} = {2440C6DF-4E16-FDDF-04C1-A0B59CFD15F0}
		{3C2AC048-4D18-4890-AFB2-9F7288107126} = {46908D89-5FC0-81A5-60B7-F0CE7D303413}
		{317048E6-9FAB-62AB-48AF-0E5037DD09E8} = {AD35E5F2-2032-51BF-3C25-0C4ECC926290}
		{CA1F265E-B358-477A-A2A7-6AEAA2574719} = {317048E6-9FAB-62AB-48AF-0E5037DD09E8}
		{8D4A21A4-22D0-C0F3-40C5-1529084F53C0} = {F6EE3C79-30BA-0395-A64E-1F318DC84884}
		{65053005-584D-4F52-914C-36BDCE1B645F} = {8D4A21A4-22D0-C0F3-40C5-1529084F53C0}
		{FFE5C642-F99E-4D4B-B84E-A7DCB658FCBE} = {46908D89-5FC0-81A5-60B7-F0CE7D303413}
		{8A5CC6F9-AB46-D86F-C90E-152890127BD8} = {723EA48B-22AF-8796-4A36-A015542B8403}
		{916CBD93-5EA8-404A-8F0C-BD63D14A6E47} = {8A5CC6F9-AB46-D86F-C90E-152890127BD8}
		{B913D1DE-3810-70C5-91F6-8A4965E44B7F} = {22B0AD11-6C2F-71A8-D0B4-1106EAA1487A}
		{F0BC68ED-F527-424A-99AA-D41F86719BAD} = {B913D1DE-3810-70C5-91F6-8A4965E44B7F}
	EndGlobalSection
	GlobalSection(ExtensibilityGlobals) = postSolution
		SolutionGuid = {6D389298-44B3-44FB-9B12-567099E5BBDE}
	EndGlobalSection
EndGlobal
