
Microsoft Visual Studio Solution File, Format Version 12.00
# Visual Studio Version 17
VisualStudioVersion = 17.0.31903.59
MinimumVisualStudioVersion = 10.0.40219.1
Project("{2150E333-8FDC-42A3-9474-1A3956D46DE8}") = "Rpg.Catalog", "Rpg.Catalog", "{2440C6DF-4E16-FDDF-04C1-A0B59CFD15F0}"
EndProject
Project("{2150E333-8FDC-42A3-9474-1A3956D46DE8}") = "src", "src", "{46908D89-5FC0-81A5-60B7-F0CE7D303413}"
EndProject
Project("{FAE04EC0-301F-11D3-BF4B-00C04F79EFBC}") = "Rpg.Catalog.Service", "Rpg.Catalog\src\Rpg.Catalog.Service\Rpg.Catalog.Service.csproj", "{3C2AC048-4D18-4890-AFB2-9F7288107126}"
EndProject
Global
	GlobalSection(SolutionConfigurationPlatforms) = preSolution
		Debug|Any CPU = Debug|Any CPU
		Debug|x64 = Debug|x64
		Debug|x86 = Debug|x86
		Release|Any CPU = Release|Any CPU
		Release|x64 = Release|x64
		Release|x86 = Release|x86
	EndGlobalSection
	GlobalSection(ProjectConfigurationPlatforms) = postSolution
		{3C2AC048-4D18-4890-AFB2-9F7288107126}.Debug|Any CPU.ActiveCfg = Debug|Any CPU
		{3C2AC048-4D18-4890-AFB2-9F7288107126}.Debug|Any CPU.Build.0 = Debug|Any CPU
		{3C2AC048-4D18-4890-AFB2-9F7288107126}.Debug|x64.ActiveCfg = Debug|Any CPU
		{3C2AC048-4D18-4890-AFB2-9F7288107126}.Debug|x64.Build.0 = Debug|Any CPU
		{3C2AC048-4D18-4890-AFB2-9F7288107126}.Debug|x86.ActiveCfg = Debug|Any CPU
		{3C2AC048-4D18-4890-AFB2-9F7288107126}.Debug|x86.Build.0 = Debug|Any CPU
		{3C2AC048-4D18-4890-AFB2-9F7288107126}.Release|Any CPU.ActiveCfg = Release|Any CPU
		{3C2AC048-4D18-4890-AFB2-9F7288107126}.Release|Any CPU.Build.0 = Release|Any CPU
		{3C2AC048-4D18-4890-AFB2-9F7288107126}.Release|x64.ActiveCfg = Release|Any CPU
		{3C2AC048-4D18-4890-AFB2-9F7288107126}.Release|x64.Build.0 = Release|Any CPU
		{3C2AC048-4D18-4890-AFB2-9F7288107126}.Release|x86.ActiveCfg = Release|Any CPU
		{3C2AC048-4D18-4890-AFB2-9F7288107126}.Release|x86.Build.0 = Release|Any CPU
	EndGlobalSection
	GlobalSection(SolutionProperties) = preSolution
		HideSolutionNode = FALSE
	EndGlobalSection
	GlobalSection(NestedProjects) = preSolution
		{46908D89-5FC0-81A5-60B7-F0CE7D303413} = {2440C6DF-4E16-FDDF-04C1-A0B59CFD15F0}
		{3C2AC048-4D18-4890-AFB2-9F7288107126} = {46908D89-5FC0-81A5-60B7-F0CE7D303413}
	EndGlobalSection
EndGlobal
